
Microsoft Visual Studio Solution File, Format Version 12.00
# Visual Studio Version 16
VisualStudioVersion = 16.0.29306.81
MinimumVisualStudioVersion = 10.0.40219.1
Project("{FAE04EC0-301F-11D3-BF4B-00C04F79EFBC}") = "Stunde 1", "Stunde 1.csproj", "{A561F490-BB1C-4CF0-9ABF-404E225732E3}"
EndProject
Global
	GlobalSection(SolutionConfigurationPlatforms) = preSolution
		Debug|Any CPU = Debug|Any CPU
		Release|Any CPU = Release|Any CPU
	EndGlobalSection
	GlobalSection(ProjectConfigurationPlatforms) = postSolution
		{A561F490-BB1C-4CF0-9ABF-404E225732E3}.Debug|Any CPU.ActiveCfg = Debug|Any CPU
		{A561F490-BB1C-4CF0-9ABF-404E225732E3}.Debug|Any CPU.Build.0 = Debug|Any CPU
		{A561F490-BB1C-4CF0-9ABF-404E225732E3}.Release|Any CPU.ActiveCfg = Release|Any CPU
		{A561F490-BB1C-4CF0-9ABF-404E225732E3}.Release|Any CPU.Build.0 = Release|Any CPU
	EndGlobalSection
	GlobalSection(SolutionProperties) = preSolution
		HideSolutionNode = FALSE
	EndGlobalSection
	GlobalSection(ExtensibilityGlobals) = postSolution
		SolutionGuid = {D2B8C845-6E1D-41FF-91AE-CBE1EA541E27}
	EndGlobalSection
EndGlobal
